
Microsoft Visual Studio Solution File, Format Version 12.00
# Visual Studio Version 17
VisualStudioVersion = 17.0.31903.59
MinimumVisualStudioVersion = 10.0.40219.1
Project("{2150E333-8FDC-42A3-9474-1A3956D46DE8}") = "src", "src", "{827E0CD3-B72D-47B6-A68D-7590B98EB39B}"
EndProject
Project("{FAE04EC0-301F-11D3-BF4B-00C04F79EFBC}") = "BowlingGame", "src\BowlingGame\BowlingGame.csproj", "{0C131EC2-FFE4-489A-B00B-18365FADEC1A}"
EndProject
Project("{2150E333-8FDC-42A3-9474-1A3956D46DE8}") = "test", "test", "{0C88DD14-F956-CE84-757C-A364CCF449FC}"
EndProject
Project("{FAE04EC0-301F-11D3-BF4B-00C04F79EFBC}") = "BowlingGame.Test", "test\BowlingGame.Test\BowlingGame.Test.csproj", "{D84DD8D5-33F7-41C9-86AD-ECDCD0E6D4F8}"
EndProject
Global
	GlobalSection(SolutionConfigurationPlatforms) = preSolution
		Debug|Any CPU = Debug|Any CPU
		Debug|x64 = Debug|x64
		Debug|x86 = Debug|x86
		Release|Any CPU = Release|Any CPU
		Release|x64 = Release|x64
		Release|x86 = Release|x86
	EndGlobalSection
	GlobalSection(ProjectConfigurationPlatforms) = postSolution
		{0C131EC2-FFE4-489A-B00B-18365FADEC1A}.Debug|Any CPU.ActiveCfg = Debug|Any CPU
		{0C131EC2-FFE4-489A-B00B-18365FADEC1A}.Debug|Any CPU.Build.0 = Debug|Any CPU
		{0C131EC2-FFE4-489A-B00B-18365FADEC1A}.Debug|x64.ActiveCfg = Debug|Any CPU
		{0C131EC2-FFE4-489A-B00B-18365FADEC1A}.Debug|x64.Build.0 = Debug|Any CPU
		{0C131EC2-FFE4-489A-B00B-18365FADEC1A}.Debug|x86.ActiveCfg = Debug|Any CPU
		{0C131EC2-FFE4-489A-B00B-18365FADEC1A}.Debug|x86.Build.0 = Debug|Any CPU
		{0C131EC2-FFE4-489A-B00B-18365FADEC1A}.Release|Any CPU.ActiveCfg = Release|Any CPU
		{0C131EC2-FFE4-489A-B00B-18365FADEC1A}.Release|Any CPU.Build.0 = Release|Any CPU
		{0C131EC2-FFE4-489A-B00B-18365FADEC1A}.Release|x64.ActiveCfg = Release|Any CPU
		{0C131EC2-FFE4-489A-B00B-18365FADEC1A}.Release|x64.Build.0 = Release|Any CPU
		{0C131EC2-FFE4-489A-B00B-18365FADEC1A}.Release|x86.ActiveCfg = Release|Any CPU
		{0C131EC2-FFE4-489A-B00B-18365FADEC1A}.Release|x86.Build.0 = Release|Any CPU
		{D84DD8D5-33F7-41C9-86AD-ECDCD0E6D4F8}.Debug|Any CPU.ActiveCfg = Debug|Any CPU
		{D84DD8D5-33F7-41C9-86AD-ECDCD0E6D4F8}.Debug|Any CPU.Build.0 = Debug|Any CPU
		{D84DD8D5-33F7-41C9-86AD-ECDCD0E6D4F8}.Debug|x64.ActiveCfg = Debug|Any CPU
		{D84DD8D5-33F7-41C9-86AD-ECDCD0E6D4F8}.Debug|x64.Build.0 = Debug|Any CPU
		{D84DD8D5-33F7-41C9-86AD-ECDCD0E6D4F8}.Debug|x86.ActiveCfg = Debug|Any CPU
		{D84DD8D5-33F7-41C9-86AD-ECDCD0E6D4F8}.Debug|x86.Build.0 = Debug|Any CPU
		{D84DD8D5-33F7-41C9-86AD-ECDCD0E6D4F8}.Release|Any CPU.ActiveCfg = Release|Any CPU
		{D84DD8D5-33F7-41C9-86AD-ECDCD0E6D4F8}.Release|Any CPU.Build.0 = Release|Any CPU
		{D84DD8D5-33F7-41C9-86AD-ECDCD0E6D4F8}.Release|x64.ActiveCfg = Release|Any CPU
		{D84DD8D5-33F7-41C9-86AD-ECDCD0E6D4F8}.Release|x64.Build.0 = Release|Any CPU
		{D84DD8D5-33F7-41C9-86AD-ECDCD0E6D4F8}.Release|x86.ActiveCfg = Release|Any CPU
		{D84DD8D5-33F7-41C9-86AD-ECDCD0E6D4F8}.Release|x86.Build.0 = Release|Any CPU
	EndGlobalSection
	GlobalSection(SolutionProperties) = preSolution
		HideSolutionNode = FALSE
	EndGlobalSection
	GlobalSection(NestedProjects) = preSolution
		{0C131EC2-FFE4-489A-B00B-18365FADEC1A} = {827E0CD3-B72D-47B6-A68D-7590B98EB39B}
		{D84DD8D5-33F7-41C9-86AD-ECDCD0E6D4F8} = {0C88DD14-F956-CE84-757C-A364CCF449FC}
	EndGlobalSection
EndGlobal
