<?xml version="1.0" encoding="utf-8"?>
<Project ToolsVersion="15.0" xmlns="http://schemas.microsoft.com/developer/msbuild/2003">
  <ItemGroup>
    <ClCompile Include="C:\Users\ParkSangHoon\Downloads\cinject-master\src\sample\cinject_test_app.cpp">
      <Filter>Source Files</Filter>
    </ClCompile>
  </ItemGroup>
  <ItemGroup>
    <ClInclude Include="C:\Users\ParkSangHoon\Downloads\cinject-master\include\cinject\cinject.h">
      <Filter>Header Files</Filter>
    </ClInclude>
  </ItemGroup>
  <ItemGroup>
    <CustomBuild Include="C:\Users\ParkSangHoon\Downloads\cinject-master\src\sample\CMakeLists.txt" />
  </ItemGroup>
  <ItemGroup>
    <Filter Include="Header Files">
      <UniqueIdentifier>{7D5C891D-AD40-3DE3-9721-E302E68C12DC}</UniqueIdentifier>
    </Filter>
    <Filter Include="Source Files">
      <UniqueIdentifier>{C4083229-143A-379C-819C-E035A511FA1F}</UniqueIdentifier>
    </Filter>
  </ItemGroup>
</Project>
