
Microsoft Visual Studio Solution File, Format Version 12.00
# Visual Studio Version 17
VisualStudioVersion = 17.4.33205.214
MinimumVisualStudioVersion = 10.0.40219.1
Project("{FAE04EC0-301F-11D3-BF4B-00C04F79EFBC}") = "Task_5가지_확장", "Task_5가지_확장\Task_5가지_확장.csproj", "{B782961C-149A-4F53-B453-2AD2883B32C6}"
EndProject
Global
	GlobalSection(SolutionConfigurationPlatforms) = preSolution
		Debug|Any CPU = Debug|Any CPU
		Release|Any CPU = Release|Any CPU
	EndGlobalSection
	GlobalSection(ProjectConfigurationPlatforms) = postSolution
		{B782961C-149A-4F53-B453-2AD2883B32C6}.Debug|Any CPU.ActiveCfg = Debug|Any CPU
		{B782961C-149A-4F53-B453-2AD2883B32C6}.Debug|Any CPU.Build.0 = Debug|Any CPU
		{B782961C-149A-4F53-B453-2AD2883B32C6}.Release|Any CPU.ActiveCfg = Release|Any CPU
		{B782961C-149A-4F53-B453-2AD2883B32C6}.Release|Any CPU.Build.0 = Release|Any CPU
	EndGlobalSection
	GlobalSection(SolutionProperties) = preSolution
		HideSolutionNode = FALSE
	EndGlobalSection
	GlobalSection(ExtensibilityGlobals) = postSolution
		SolutionGuid = {375FC5AB-E156-420C-8981-F87A88C9B453}
	EndGlobalSection
EndGlobal
