
Microsoft Visual Studio Solution File, Format Version 12.00
# Visual Studio Version 17
VisualStudioVersion = 17.4.33205.214
MinimumVisualStudioVersion = 10.0.40219.1
Project("{FAE04EC0-301F-11D3-BF4B-00C04F79EFBC}") = "Delegate_example", "Func_Action_사용법\Delegate_example.csproj", "{2E6E3741-DF82-460E-8FA5-A9CB48882ECC}"
EndProject
Project("{FAE04EC0-301F-11D3-BF4B-00C04F79EFBC}") = "Func_example", "Func_example\Func_example.csproj", "{5FB3AFC1-ACD7-422B-BC6D-D6E870FE3BFB}"
EndProject
Project("{FAE04EC0-301F-11D3-BF4B-00C04F79EFBC}") = "옵져버 패턴_lamda_Action을 사용", "옵져버 패턴_lamda_Action을 사용\옵져버 패턴_lamda_Action을 사용.csproj", "{4F6E5BCD-3B00-41D1-94D7-75D871DCFCA8}"
EndProject
Global
	GlobalSection(SolutionConfigurationPlatforms) = preSolution
		Debug|Any CPU = Debug|Any CPU
		Release|Any CPU = Release|Any CPU
	EndGlobalSection
	GlobalSection(ProjectConfigurationPlatforms) = postSolution
		{2E6E3741-DF82-460E-8FA5-A9CB48882ECC}.Debug|Any CPU.ActiveCfg = Debug|Any CPU
		{2E6E3741-DF82-460E-8FA5-A9CB48882ECC}.Debug|Any CPU.Build.0 = Debug|Any CPU
		{2E6E3741-DF82-460E-8FA5-A9CB48882ECC}.Release|Any CPU.ActiveCfg = Release|Any CPU
		{2E6E3741-DF82-460E-8FA5-A9CB48882ECC}.Release|Any CPU.Build.0 = Release|Any CPU
		{5FB3AFC1-ACD7-422B-BC6D-D6E870FE3BFB}.Debug|Any CPU.ActiveCfg = Debug|Any CPU
		{5FB3AFC1-ACD7-422B-BC6D-D6E870FE3BFB}.Debug|Any CPU.Build.0 = Debug|Any CPU
		{5FB3AFC1-ACD7-422B-BC6D-D6E870FE3BFB}.Release|Any CPU.ActiveCfg = Release|Any CPU
		{5FB3AFC1-ACD7-422B-BC6D-D6E870FE3BFB}.Release|Any CPU.Build.0 = Release|Any CPU
		{4F6E5BCD-3B00-41D1-94D7-75D871DCFCA8}.Debug|Any CPU.ActiveCfg = Debug|Any CPU
		{4F6E5BCD-3B00-41D1-94D7-75D871DCFCA8}.Debug|Any CPU.Build.0 = Debug|Any CPU
		{4F6E5BCD-3B00-41D1-94D7-75D871DCFCA8}.Release|Any CPU.ActiveCfg = Release|Any CPU
		{4F6E5BCD-3B00-41D1-94D7-75D871DCFCA8}.Release|Any CPU.Build.0 = Release|Any CPU
	EndGlobalSection
	GlobalSection(SolutionProperties) = preSolution
		HideSolutionNode = FALSE
	EndGlobalSection
	GlobalSection(ExtensibilityGlobals) = postSolution
		SolutionGuid = {CF4845FB-650D-4E50-BA69-381DB3F4755C}
	EndGlobalSection
EndGlobal
